{
  "name": "apimanueel.github.com",
  "version": "1.0.0",
  "lockfileVersion": 1,
  "requires": true,
  "dependencies": {
    "clean-cache": {
      "version": "1.0.2",
      "resolved": "https://registry.npmjs.org/clean-cache/-/clean-cache-1.0.2.tgz",
      "integrity": "sha512-Dic8pnQss9BFAPGa4JqogLve/KZhN9vGe+4xHvkHYWhrxvXcZqeTvgFagNOxDX0HtndM7urFLim+ED/H3OlxEw=="
    }
  }
}
